// !$*UTF8*$!
{
	archiveVersion = 1;
	classes = {
	};
	objectVersion = 50;
	objects = {

/* Begin PBXBuildFile section */
		8301655B26B5539400CFB513 /* AppDelegate.swift in Sources */ = {isa = PBXBuildFile; fileRef = 8301655A26B5539400CFB513 /* AppDelegate.swift */; };
		8301655D26B5539400CFB513 /* SceneDelegate.swift in Sources */ = {isa = PBXBuildFile; fileRef = 8301655C26B5539400CFB513 /* SceneDelegate.swift */; };
		8301656226B5539400CFB513 /* Main.storyboard in Resources */ = {isa = PBXBuildFile; fileRef = 8301656026B5539400CFB513 /* Main.storyboard */; };
		8301656426B5539500CFB513 /* Assets.xcassets in Resources */ = {isa = PBXBuildFile; fileRef = 8301656326B5539500CFB513 /* Assets.xcassets */; };
		8301656726B5539500CFB513 /* LaunchScreen.storyboard in Resources */ = {isa = PBXBuildFile; fileRef = 8301656526B5539500CFB513 /* LaunchScreen.storyboard */; };
		834D5B9D26B555290086F1F3 /* NewsListTableViewController.swift in Sources */ = {isa = PBXBuildFile; fileRef = 834D5B9C26B555290086F1F3 /* NewsListTableViewController.swift */; };
		834D5B9F26B55A750086F1F3 /* Services.swift in Sources */ = {isa = PBXBuildFile; fileRef = 834D5B9E26B55A750086F1F3 /* Services.swift */; };
		834D5BA226B56E250086F1F3 /* Article.swift in Sources */ = {isa = PBXBuildFile; fileRef = 834D5BA126B56E250086F1F3 /* Article.swift */; };
		834D5BA526B570B00086F1F3 /* ArticleViewModel.swift in Sources */ = {isa = PBXBuildFile; fileRef = 834D5BA426B570B00086F1F3 /* ArticleViewModel.swift */; };
		834D5BA826B573900086F1F3 /* ArticleTableViewCell.swift in Sources */ = {isa = PBXBuildFile; fileRef = 834D5BA726B573900086F1F3 /* ArticleTableViewCell.swift */; };
/* End PBXBuildFile section */

/* Begin PBXFileReference section */
		8301655726B5539300CFB513 /* GoodNews.app */ = {isa = PBXFileReference; explicitFileType = wrapper.application; includeInIndex = 0; path = GoodNews.app; sourceTree = BUILT_PRODUCTS_DIR; };
		8301655A26B5539400CFB513 /* AppDelegate.swift */ = {isa = PBXFileReference; lastKnownFileType = sourcecode.swift; path = AppDelegate.swift; sourceTree = "<group>"; };
		8301655C26B5539400CFB513 /* SceneDelegate.swift */ = {isa = PBXFileReference; lastKnownFileType = sourcecode.swift; path = SceneDelegate.swift; sourceTree = "<group>"; };
		8301656126B5539400CFB513 /* Base */ = {isa = PBXFileReference; lastKnownFileType = file.storyboard; name = Base; path = Base.lproj/Main.storyboard; sourceTree = "<group>"; };
		8301656326B5539500CFB513 /* Assets.xcassets */ = {isa = PBXFileReference; lastKnownFileType = folder.assetcatalog; path = Assets.xcassets; sourceTree = "<group>"; };
		8301656626B5539500CFB513 /* Base */ = {isa = PBXFileReference; lastKnownFileType = file.storyboard; name = Base; path = Base.lproj/LaunchScreen.storyboard; sourceTree = "<group>"; };
		8301656826B5539500CFB513 /* Info.plist */ = {isa = PBXFileReference; lastKnownFileType = text.plist.xml; path = Info.plist; sourceTree = "<group>"; };
		834D5B9C26B555290086F1F3 /* NewsListTableViewController.swift */ = {isa = PBXFileReference; lastKnownFileType = sourcecode.swift; path = NewsListTableViewController.swift; sourceTree = "<group>"; };
		834D5B9E26B55A750086F1F3 /* Services.swift */ = {isa = PBXFileReference; lastKnownFileType = sourcecode.swift; path = Services.swift; sourceTree = "<group>"; };
		834D5BA126B56E250086F1F3 /* Article.swift */ = {isa = PBXFileReference; lastKnownFileType = sourcecode.swift; path = Article.swift; sourceTree = "<group>"; };
		834D5BA426B570B00086F1F3 /* ArticleViewModel.swift */ = {isa = PBXFileReference; lastKnownFileType = sourcecode.swift; path = ArticleViewModel.swift; sourceTree = "<group>"; };
		834D5BA726B573900086F1F3 /* ArticleTableViewCell.swift */ = {isa = PBXFileReference; lastKnownFileType = sourcecode.swift; path = ArticleTableViewCell.swift; sourceTree = "<group>"; };
/* End PBXFileReference section */

/* Begin PBXFrameworksBuildPhase section */
		8301655426B5539300CFB513 /* Frameworks */ = {
			isa = PBXFrameworksBuildPhase;
			buildActionMask = 2147483647;
			files = (
			);
			runOnlyForDeploymentPostprocessing = 0;
		};
/* End PBXFrameworksBuildPhase section */

/* Begin PBXGroup section */
		8301654E26B5539300CFB513 = {
			isa = PBXGroup;
			children = (
				8301655926B5539300CFB513 /* GoodNews */,
				8301655826B5539300CFB513 /* Products */,
			);
			sourceTree = "<group>";
		};
		8301655826B5539300CFB513 /* Products */ = {
			isa = PBXGroup;
			children = (
				8301655726B5539300CFB513 /* GoodNews.app */,
			);
			name = Products;
			sourceTree = "<group>";
		};
		8301655926B5539300CFB513 /* GoodNews */ = {
			isa = PBXGroup;
			children = (
				834D5BA626B5737E0086F1F3 /* CustomCells */,
				834D5BA326B5708F0086F1F3 /* ViewModels */,
				834D5BA026B56E1B0086F1F3 /* Model */,
				8301655A26B5539400CFB513 /* AppDelegate.swift */,
				8301655C26B5539400CFB513 /* SceneDelegate.swift */,
				8301656026B5539400CFB513 /* Main.storyboard */,
				8301656326B5539500CFB513 /* Assets.xcassets */,
				8301656526B5539500CFB513 /* LaunchScreen.storyboard */,
				8301656826B5539500CFB513 /* Info.plist */,
				834D5B9C26B555290086F1F3 /* NewsListTableViewController.swift */,
				834D5B9E26B55A750086F1F3 /* Services.swift */,
			);
			path = GoodNews;
			sourceTree = "<group>";
		};
		834D5BA026B56E1B0086F1F3 /* Model */ = {
			isa = PBXGroup;
			children = (
				834D5BA126B56E250086F1F3 /* Article.swift */,
			);
			path = Model;
			sourceTree = "<group>";
		};
		834D5BA326B5708F0086F1F3 /* ViewModels */ = {
			isa = PBXGroup;
			children = (
				834D5BA426B570B00086F1F3 /* ArticleViewModel.swift */,
			);
			path = ViewModels;
			sourceTree = "<group>";
		};
		834D5BA626B5737E0086F1F3 /* CustomCells */ = {
			isa = PBXGroup;
			children = (
				834D5BA726B573900086F1F3 /* ArticleTableViewCell.swift */,
			);
			path = CustomCells;
			sourceTree = "<group>";
		};
/* End PBXGroup section */

/* Begin PBXNativeTarget section */
		8301655626B5539300CFB513 /* GoodNews */ = {
			isa = PBXNativeTarget;
			buildConfigurationList = 8301656B26B5539500CFB513 /* Build configuration list for PBXNativeTarget "GoodNews" */;
			buildPhases = (
				8301655326B5539300CFB513 /* Sources */,
				8301655426B5539300CFB513 /* Frameworks */,
				8301655526B5539300CFB513 /* Resources */,
			);
			buildRules = (
			);
			dependencies = (
			);
			name = GoodNews;
			productName = GoodNews;
			productReference = 8301655726B5539300CFB513 /* GoodNews.app */;
			productType = "com.apple.product-type.application";
		};
/* End PBXNativeTarget section */

/* Begin PBXProject section */
		8301654F26B5539300CFB513 /* Project object */ = {
			isa = PBXProject;
			attributes = {
				LastSwiftUpdateCheck = 1250;
				LastUpgradeCheck = 1250;
				TargetAttributes = {
					8301655626B5539300CFB513 = {
						CreatedOnToolsVersion = 12.5.1;
					};
				};
			};
			buildConfigurationList = 8301655226B5539300CFB513 /* Build configuration list for PBXProject "GoodNews" */;
			compatibilityVersion = "Xcode 9.3";
			developmentRegion = en;
			hasScannedForEncodings = 0;
			knownRegions = (
				en,
				Base,
			);
			mainGroup = 8301654E26B5539300CFB513;
			productRefGroup = 8301655826B5539300CFB513 /* Products */;
			projectDirPath = "";
			projectRoot = "";
			targets = (
				8301655626B5539300CFB513 /* GoodNews */,
			);
		};
/* End PBXProject section */

/* Begin PBXResourcesBuildPhase section */
		8301655526B5539300CFB513 /* Resources */ = {
			isa = PBXResourcesBuildPhase;
			buildActionMask = 2147483647;
			files = (
				8301656726B5539500CFB513 /* LaunchScreen.storyboard in Resources */,
				8301656426B5539500CFB513 /* Assets.xcassets in Resources */,
				8301656226B5539400CFB513 /* Main.storyboard in Resources */,
			);
			runOnlyForDeploymentPostprocessing = 0;
		};
/* End PBXResourcesBuildPhase section */

/* Begin PBXSourcesBuildPhase section */
		8301655326B5539300CFB513 /* Sources */ = {
			isa = PBXSourcesBuildPhase;
			buildActionMask = 2147483647;
			files = (
				8301655B26B5539400CFB513 /* AppDelegate.swift in Sources */,
				834D5B9F26B55A750086F1F3 /* Services.swift in Sources */,
				834D5B9D26B555290086F1F3 /* NewsListTableViewController.swift in Sources */,
				834D5BA526B570B00086F1F3 /* ArticleViewModel.swift in Sources */,
				8301655D26B5539400CFB513 /* SceneDelegate.swift in Sources */,
				834D5BA826B573900086F1F3 /* ArticleTableViewCell.swift in Sources */,
				834D5BA226B56E250086F1F3 /* Article.swift in Sources */,
			);
			runOnlyForDeploymentPostprocessing = 0;
		};
/* End PBXSourcesBuildPhase section */

/* Begin PBXVariantGroup section */
		8301656026B5539400CFB513 /* Main.storyboard */ = {
			isa = PBXVariantGroup;
			children = (
				8301656126B5539400CFB513 /* Base */,
			);
			name = Main.storyboard;
			sourceTree = "<group>";
		};
		8301656526B5539500CFB513 /* LaunchScreen.storyboard */ = {
			isa = PBXVariantGroup;
			children = (
				8301656626B5539500CFB513 /* Base */,
			);
			name = LaunchScreen.storyboard;
			sourceTree = "<group>";
		};
/* End PBXVariantGroup section */

/* Begin XCBuildConfiguration section */
		8301656926B5539500CFB513 /* Debug */ = {
			isa = XCBuildConfiguration;
			buildSettings = {
				ALWAYS_SEARCH_USER_PATHS = NO;
				CLANG_ANALYZER_NONNULL = YES;
				CLANG_ANALYZER_NUMBER_OBJECT_CONVERSION = YES_AGGRESSIVE;
				CLANG_CXX_LANGUAGE_STANDARD = "gnu++14";
				CLANG_CXX_LIBRARY = "libc++";
				CLANG_ENABLE_MODULES = YES;
				CLANG_ENABLE_OBJC_ARC = YES;
				CLANG_ENABLE_OBJC_WEAK = YES;
				CLANG_WARN_BLOCK_CAPTURE_AUTORELEASING = YES;
				CLANG_WARN_BOOL_CONVERSION = YES;
				CLANG_WARN_COMMA = YES;
				CLANG_WARN_CONSTANT_CONVERSION = YES;
				CLANG_WARN_DEPRECATED_OBJC_IMPLEMENTATIONS = YES;
				CLANG_WARN_DIRECT_OBJC_ISA_USAGE = YES_ERROR;
				CLANG_WARN_DOCUMENTATION_COMMENTS = YES;
				CLANG_WARN_EMPTY_BODY = YES;
				CLANG_WARN_ENUM_CONVERSION = YES;
				CLANG_WARN_INFINITE_RECURSION = YES;
				CLANG_WARN_INT_CONVERSION = YES;
				CLANG_WARN_NON_LITERAL_NULL_CONVERSION = YES;
				CLANG_WARN_OBJC_IMPLICIT_RETAIN_SELF = YES;
				CLANG_WARN_OBJC_LITERAL_CONVERSION = YES;
				CLANG_WARN_OBJC_ROOT_CLASS = YES_ERROR;
				CLANG_WARN_QUOTED_INCLUDE_IN_FRAMEWORK_HEADER = YES;
				CLANG_WARN_RANGE_LOOP_ANALYSIS = YES;
				CLANG_WARN_STRICT_PROTOTYPES = YES;
				CLANG_WARN_SUSPICIOUS_MOVE = YES;
				CLANG_WARN_UNGUARDED_AVAILABILITY = YES_AGGRESSIVE;
				CLANG_WARN_UNREACHABLE_CODE = YES;
				CLANG_WARN__DUPLICATE_METHOD_MATCH = YES;
				COPY_PHASE_STRIP = NO;
				DEBUG_INFORMATION_FORMAT = dwarf;
				ENABLE_STRICT_OBJC_MSGSEND = YES;
				ENABLE_TESTABILITY = YES;
				GCC_C_LANGUAGE_STANDARD = gnu11;
				GCC_DYNAMIC_NO_PIC = NO;
				GCC_NO_COMMON_BLOCKS = YES;
				GCC_OPTIMIZATION_LEVEL = 0;
				GCC_PREPROCESSOR_DEFINITIONS = (
					"DEBUG=1",
					"$(inherited)",
				);
				GCC_WARN_64_TO_32_BIT_CONVERSION = YES;
				GCC_WARN_ABOUT_RETURN_TYPE = YES_ERROR;
				GCC_WARN_UNDECLARED_SELECTOR = YES;
				GCC_WARN_UNINITIALIZED_AUTOS = YES_AGGRESSIVE;
				GCC_WARN_UNUSED_FUNCTION = YES;
				GCC_WARN_UNUSED_VARIABLE = YES;
				IPHONEOS_DEPLOYMENT_TARGET = 14.5;
				MTL_ENABLE_DEBUG_INFO = INCLUDE_SOURCE;
				MTL_FAST_MATH = YES;
				ONLY_ACTIVE_ARCH = YES;
				SDKROOT = iphoneos;
				SWIFT_ACTIVE_COMPILATION_CONDITIONS = DEBUG;
				SWIFT_OPTIMIZATION_LEVEL = "-Onone";
			};
			name = Debug;
		};
		8301656A26B5539500CFB513 /* Release */ = {
			isa = XCBuildConfiguration;
			buildSettings = {
				ALWAYS_SEARCH_USER_PATHS = NO;
				CLANG_ANALYZER_NONNULL = YES;
				CLANG_ANALYZER_NUMBER_OBJECT_CONVERSION = YES_AGGRESSIVE;
				CLANG_CXX_LANGUAGE_STANDARD = "gnu++14";
				CLANG_CXX_LIBRARY = "libc++";
				CLANG_ENABLE_MODULES = YES;
				CLANG_ENABLE_OBJC_ARC = YES;
				CLANG_ENABLE_OBJC_WEAK = YES;
				CLANG_WARN_BLOCK_CAPTURE_AUTORELEASING = YES;
				CLANG_WARN_BOOL_CONVERSION = YES;
				CLANG_WARN_COMMA = YES;
				CLANG_WARN_CONSTANT_CONVERSION = YES;
				CLANG_WARN_DEPRECATED_OBJC_IMPLEMENTATIONS = YES;
				CLANG_WARN_DIRECT_OBJC_ISA_USAGE = YES_ERROR;
				CLANG_WARN_DOCUMENTATION_COMMENTS = YES;
				CLANG_WARN_EMPTY_BODY = YES;
				CLANG_WARN_ENUM_CONVERSION = YES;
				CLANG_WARN_INFINITE_RECURSION = YES;
				CLANG_WARN_INT_CONVERSION = YES;
				CLANG_WARN_NON_LITERAL_NULL_CONVERSION = YES;
				CLANG_WARN_OBJC_IMPLICIT_RETAIN_SELF = YES;
				CLANG_WARN_OBJC_LITERAL_CONVERSION = YES;
				CLANG_WARN_OBJC_ROOT_CLASS = YES_ERROR;
				CLANG_WARN_QUOTED_INCLUDE_IN_FRAMEWORK_HEADER = YES;
				CLANG_WARN_RANGE_LOOP_ANALYSIS = YES;
				CLANG_WARN_STRICT_PROTOTYPES = YES;
				CLANG_WARN_SUSPICIOUS_MOVE = YES;
				CLANG_WARN_UNGUARDED_AVAILABILITY = YES_AGGRESSIVE;
				CLANG_WARN_UNREACHABLE_CODE = YES;
				CLANG_WARN__DUPLICATE_METHOD_MATCH = YES;
				COPY_PHASE_STRIP = NO;
				DEBUG_INFORMATION_FORMAT = "dwarf-with-dsym";
				ENABLE_NS_ASSERTIONS = NO;
				ENABLE_STRICT_OBJC_MSGSEND = YES;
				GCC_C_LANGUAGE_STANDARD = gnu11;
				GCC_NO_COMMON_BLOCKS = YES;
				GCC_WARN_64_TO_32_BIT_CONVERSION = YES;
				GCC_WARN_ABOUT_RETURN_TYPE = YES_ERROR;
				GCC_WARN_UNDECLARED_SELECTOR = YES;
				GCC_WARN_UNINITIALIZED_AUTOS = YES_AGGRESSIVE;
				GCC_WARN_UNUSED_FUNCTION = YES;
				GCC_WARN_UNUSED_VARIABLE = YES;
				IPHONEOS_DEPLOYMENT_TARGET = 14.5;
				MTL_ENABLE_DEBUG_INFO = NO;
				MTL_FAST_MATH = YES;
				SDKROOT = iphoneos;
				SWIFT_COMPILATION_MODE = wholemodule;
				SWIFT_OPTIMIZATION_LEVEL = "-O";
				VALIDATE_PRODUCT = YES;
			};
			name = Release;
		};
		8301656C26B5539500CFB513 /* Debug */ = {
			isa = XCBuildConfiguration;
			buildSettings = {
				ASSETCATALOG_COMPILER_APPICON_NAME = AppIcon;
				ASSETCATALOG_COMPILER_GLOBAL_ACCENT_COLOR_NAME = AccentColor;
				CODE_SIGN_STYLE = Automatic;
				DEVELOPMENT_TEAM = QWFW5JQ58K;
				INFOPLIST_FILE = GoodNews/Info.plist;
				LD_RUNPATH_SEARCH_PATHS = (
					"$(inherited)",
					"@executable_path/Frameworks",
				);
				PRODUCT_BUNDLE_IDENTIFIER = com.ezdermqee.GoodNews;
				PRODUCT_NAME = "$(TARGET_NAME)";
				SWIFT_VERSION = 5.0;
				TARGETED_DEVICE_FAMILY = "1,2";
			};
			name = Debug;
		};
		8301656D26B5539500CFB513 /* Release */ = {
			isa = XCBuildConfiguration;
			buildSettings = {
				ASSETCATALOG_COMPILER_APPICON_NAME = AppIcon;
				ASSETCATALOG_COMPILER_GLOBAL_ACCENT_COLOR_NAME = AccentColor;
				CODE_SIGN_STYLE = Automatic;
				DEVELOPMENT_TEAM = QWFW5JQ58K;
				INFOPLIST_FILE = GoodNews/Info.plist;
				LD_RUNPATH_SEARCH_PATHS = (
					"$(inherited)",
					"@executable_path/Frameworks",
				);
				PRODUCT_BUNDLE_IDENTIFIER = com.ezdermqee.GoodNews;
				PRODUCT_NAME = "$(TARGET_NAME)";
				SWIFT_VERSION = 5.0;
				TARGETED_DEVICE_FAMILY = "1,2";
			};
			name = Release;
		};
/* End XCBuildConfiguration section */

/* Begin XCConfigurationList section */
		8301655226B5539300CFB513 /* Build configuration list for PBXProject "GoodNews" */ = {
			isa = XCConfigurationList;
			buildConfigurations = (
				8301656926B5539500CFB513 /* Debug */,
				8301656A26B5539500CFB513 /* Release */,
			);
			defaultConfigurationIsVisible = 0;
			defaultConfigurationName = Release;
		};
		8301656B26B5539500CFB513 /* Build configuration list for PBXNativeTarget "GoodNews" */ = {
			isa = XCConfigurationList;
			buildConfigurations = (
				8301656C26B5539500CFB513 /* Debug */,
				8301656D26B5539500CFB513 /* Release */,
			);
			defaultConfigurationIsVisible = 0;
			defaultConfigurationName = Release;
		};
/* End XCConfigurationList section */
	};
	rootObject = 8301654F26B5539300CFB513 /* Project object */;
}
